# Generated by buf. DO NOT EDIT.
version: v2
deps:
  - name: buf.build/bufbuild/protovalidate
    commit: e097f827e65240ac9fd4b1158849a8fc
    digest: b5:beda657a164abf9d1bac222e352f14d9a4a8c913ccdb7e5c3dfeda097690f60e8edb27b518c2d8e73b70aecb6ac47fdc3654a1f62b9e09c3566cd4e620628cfd
  - name: buf.build/googleapis/googleapis
    commit: e874a0be2bf140a5a4c7d4122c635823
    digest: b5:e11a57fda7923c7c63fe03dd94a4d231b0b6480a78aecc9083f4703e15afa952a6b7126454e0f90f85f0bc8f71833306f174f88b9c99d438b9412696076f4961
